// !$*UTF8*$!
{
	archiveVersion = 1;
	classes = {
	};
	objectVersion = 55;
	objects = {

/* Begin PBXBuildFile section */
		150F841B28282F0B00131DB8 /* AppDelegate.swift in Sources */ = {isa = PBXBuildFile; fileRef = 150F841A28282F0B00131DB8 /* AppDelegate.swift */; };
		150F841D28282F0B00131DB8 /* SceneDelegate.swift in Sources */ = {isa = PBXBuildFile; fileRef = 150F841C28282F0B00131DB8 /* SceneDelegate.swift */; };
		150F841F28282F0B00131DB8 /* ViewController.swift in Sources */ = {isa = PBXBuildFile; fileRef = 150F841E28282F0B00131DB8 /* ViewController.swift */; };
		150F842228282F0B00131DB8 /* Main.storyboard in Resources */ = {isa = PBXBuildFile; fileRef = 150F842028282F0B00131DB8 /* Main.storyboard */; };
		150F842428282F0D00131DB8 /* Assets.xcassets in Resources */ = {isa = PBXBuildFile; fileRef = 150F842328282F0D00131DB8 /* Assets.xcassets */; };
		150F842728282F0D00131DB8 /* LaunchScreen.storyboard in Resources */ = {isa = PBXBuildFile; fileRef = 150F842528282F0D00131DB8 /* LaunchScreen.storyboard */; };
		150F842F2828321300131DB8 /* NewsModel.swift in Sources */ = {isa = PBXBuildFile; fileRef = 150F842E2828321300131DB8 /* NewsModel.swift */; };
		150F843128284D0000131DB8 /* DetailViewController.swift in Sources */ = {isa = PBXBuildFile; fileRef = 150F843028284D0000131DB8 /* DetailViewController.swift */; };
		150F84332828503F00131DB8 /* WebViewController.swift in Sources */ = {isa = PBXBuildFile; fileRef = 150F84322828503F00131DB8 /* WebViewController.swift */; };
		750B0E58E4E1BBFAF20EE968 /* Pods_NewsAppFinal.framework in Frameworks */ = {isa = PBXBuildFile; fileRef = 8554AC4CEFB693BBEC8ACCFD /* Pods_NewsAppFinal.framework */; };
/* End PBXBuildFile section */

/* Begin PBXFileReference section */
		150F841728282F0B00131DB8 /* NewsAppFinal.app */ = {isa = PBXFileReference; explicitFileType = wrapper.application; includeInIndex = 0; path = NewsAppFinal.app; sourceTree = BUILT_PRODUCTS_DIR; };
		150F841A28282F0B00131DB8 /* AppDelegate.swift */ = {isa = PBXFileReference; lastKnownFileType = sourcecode.swift; path = AppDelegate.swift; sourceTree = "<group>"; };
		150F841C28282F0B00131DB8 /* SceneDelegate.swift */ = {isa = PBXFileReference; lastKnownFileType = sourcecode.swift; path = SceneDelegate.swift; sourceTree = "<group>"; };
		150F841E28282F0B00131DB8 /* ViewController.swift */ = {isa = PBXFileReference; lastKnownFileType = sourcecode.swift; path = ViewController.swift; sourceTree = "<group>"; };
		150F842128282F0B00131DB8 /* Base */ = {isa = PBXFileReference; lastKnownFileType = file.storyboard; name = Base; path = Base.lproj/Main.storyboard; sourceTree = "<group>"; };
		150F842328282F0D00131DB8 /* Assets.xcassets */ = {isa = PBXFileReference; lastKnownFileType = folder.assetcatalog; path = Assets.xcassets; sourceTree = "<group>"; };
		150F842628282F0D00131DB8 /* Base */ = {isa = PBXFileReference; lastKnownFileType = file.storyboard; name = Base; path = Base.lproj/LaunchScreen.storyboard; sourceTree = "<group>"; };
		150F842828282F0D00131DB8 /* Info.plist */ = {isa = PBXFileReference; lastKnownFileType = text.plist.xml; path = Info.plist; sourceTree = "<group>"; };
		150F842E2828321300131DB8 /* NewsModel.swift */ = {isa = PBXFileReference; lastKnownFileType = sourcecode.swift; path = NewsModel.swift; sourceTree = "<group>"; };
		150F843028284D0000131DB8 /* DetailViewController.swift */ = {isa = PBXFileReference; lastKnownFileType = sourcecode.swift; path = DetailViewController.swift; sourceTree = "<group>"; };
		150F84322828503F00131DB8 /* WebViewController.swift */ = {isa = PBXFileReference; lastKnownFileType = sourcecode.swift; path = WebViewController.swift; sourceTree = "<group>"; };
		8554AC4CEFB693BBEC8ACCFD /* Pods_NewsAppFinal.framework */ = {isa = PBXFileReference; explicitFileType = wrapper.framework; includeInIndex = 0; path = Pods_NewsAppFinal.framework; sourceTree = BUILT_PRODUCTS_DIR; };
		9184A690B3DBEF8FD1B25083 /* Pods-NewsAppFinal.debug.xcconfig */ = {isa = PBXFileReference; includeInIndex = 1; lastKnownFileType = text.xcconfig; name = "Pods-NewsAppFinal.debug.xcconfig"; path = "Target Support Files/Pods-NewsAppFinal/Pods-NewsAppFinal.debug.xcconfig"; sourceTree = "<group>"; };
		BA05F978AC50047D19865699 /* Pods-NewsAppFinal.release.xcconfig */ = {isa = PBXFileReference; includeInIndex = 1; lastKnownFileType = text.xcconfig; name = "Pods-NewsAppFinal.release.xcconfig"; path = "Target Support Files/Pods-NewsAppFinal/Pods-NewsAppFinal.release.xcconfig"; sourceTree = "<group>"; };
/* End PBXFileReference section */

/* Begin PBXFrameworksBuildPhase section */
		150F841428282F0B00131DB8 /* Frameworks */ = {
			isa = PBXFrameworksBuildPhase;
			buildActionMask = 2147483647;
			files = (
				750B0E58E4E1BBFAF20EE968 /* Pods_NewsAppFinal.framework in Frameworks */,
			);
			runOnlyForDeploymentPostprocessing = 0;
		};
/* End PBXFrameworksBuildPhase section */

/* Begin PBXGroup section */
		150F840E28282F0B00131DB8 = {
			isa = PBXGroup;
			children = (
				150F841928282F0B00131DB8 /* NewsAppFinal */,
				150F841828282F0B00131DB8 /* Products */,
				5BA4FBB2D910225519851A2E /* Pods */,
				C2A812A88685781EE7C8ABE5 /* Frameworks */,
			);
			sourceTree = "<group>";
		};
		150F841828282F0B00131DB8 /* Products */ = {
			isa = PBXGroup;
			children = (
				150F841728282F0B00131DB8 /* NewsAppFinal.app */,
			);
			name = Products;
			sourceTree = "<group>";
		};
		150F841928282F0B00131DB8 /* NewsAppFinal */ = {
			isa = PBXGroup;
			children = (
				150F841A28282F0B00131DB8 /* AppDelegate.swift */,
				150F841C28282F0B00131DB8 /* SceneDelegate.swift */,
				150F841E28282F0B00131DB8 /* ViewController.swift */,
				150F84322828503F00131DB8 /* WebViewController.swift */,
				150F843028284D0000131DB8 /* DetailViewController.swift */,
				150F842E2828321300131DB8 /* NewsModel.swift */,
				150F842028282F0B00131DB8 /* Main.storyboard */,
				150F842328282F0D00131DB8 /* Assets.xcassets */,
				150F842528282F0D00131DB8 /* LaunchScreen.storyboard */,
				150F842828282F0D00131DB8 /* Info.plist */,
			);
			path = NewsAppFinal;
			sourceTree = "<group>";
		};
		5BA4FBB2D910225519851A2E /* Pods */ = {
			isa = PBXGroup;
			children = (
				9184A690B3DBEF8FD1B25083 /* Pods-NewsAppFinal.debug.xcconfig */,
				BA05F978AC50047D19865699 /* Pods-NewsAppFinal.release.xcconfig */,
			);
			path = Pods;
			sourceTree = "<group>";
		};
		C2A812A88685781EE7C8ABE5 /* Frameworks */ = {
			isa = PBXGroup;
			children = (
				8554AC4CEFB693BBEC8ACCFD /* Pods_NewsAppFinal.framework */,
			);
			name = Frameworks;
			sourceTree = "<group>";
		};
/* End PBXGroup section */

/* Begin PBXNativeTarget section */
		150F841628282F0B00131DB8 /* NewsAppFinal */ = {
			isa = PBXNativeTarget;
			buildConfigurationList = 150F842B28282F0D00131DB8 /* Build configuration list for PBXNativeTarget "NewsAppFinal" */;
			buildPhases = (
				AD3B83E65143766707DFA991 /* [CP] Check Pods Manifest.lock */,
				150F841328282F0B00131DB8 /* Sources */,
				150F841428282F0B00131DB8 /* Frameworks */,
				150F841528282F0B00131DB8 /* Resources */,
				111C2FA6082A04629CCE26A2 /* [CP] Embed Pods Frameworks */,
			);
			buildRules = (
			);
			dependencies = (
			);
			name = NewsAppFinal;
			productName = NewsAppFinal;
			productReference = 150F841728282F0B00131DB8 /* NewsAppFinal.app */;
			productType = "com.apple.product-type.application";
		};
/* End PBXNativeTarget section */

/* Begin PBXProject section */
		150F840F28282F0B00131DB8 /* Project object */ = {
			isa = PBXProject;
			attributes = {
				BuildIndependentTargetsInParallel = 1;
				LastSwiftUpdateCheck = 1330;
				LastUpgradeCheck = 1330;
				TargetAttributes = {
					150F841628282F0B00131DB8 = {
						CreatedOnToolsVersion = 13.3.1;
					};
				};
			};
			buildConfigurationList = 150F841228282F0B00131DB8 /* Build configuration list for PBXProject "NewsAppFinal" */;
			compatibilityVersion = "Xcode 13.0";
			developmentRegion = en;
			hasScannedForEncodings = 0;
			knownRegions = (
				en,
				Base,
			);
			mainGroup = 150F840E28282F0B00131DB8;
			productRefGroup = 150F841828282F0B00131DB8 /* Products */;
			projectDirPath = "";
			projectRoot = "";
			targets = (
				150F841628282F0B00131DB8 /* NewsAppFinal */,
			);
		};
/* End PBXProject section */

/* Begin PBXResourcesBuildPhase section */
		150F841528282F0B00131DB8 /* Resources */ = {
			isa = PBXResourcesBuildPhase;
			buildActionMask = 2147483647;
			files = (
				150F842728282F0D00131DB8 /* LaunchScreen.storyboard in Resources */,
				150F842428282F0D00131DB8 /* Assets.xcassets in Resources */,
				150F842228282F0B00131DB8 /* Main.storyboard in Resources */,
			);
			runOnlyForDeploymentPostprocessing = 0;
		};
/* End PBXResourcesBuildPhase section */

/* Begin PBXShellScriptBuildPhase section */
		111C2FA6082A04629CCE26A2 /* [CP] Embed Pods Frameworks */ = {
			isa = PBXShellScriptBuildPhase;
			buildActionMask = 2147483647;
			files = (
			);
			inputFileListPaths = (
				"${PODS_ROOT}/Target Support Files/Pods-NewsAppFinal/Pods-NewsAppFinal-frameworks-${CONFIGURATION}-input-files.xcfilelist",
			);
			name = "[CP] Embed Pods Frameworks";
			outputFileListPaths = (
				"${PODS_ROOT}/Target Support Files/Pods-NewsAppFinal/Pods-NewsAppFinal-frameworks-${CONFIGURATION}-output-files.xcfilelist",
			);
			runOnlyForDeploymentPostprocessing = 0;
			shellPath = /bin/sh;
			shellScript = "\"${PODS_ROOT}/Target Support Files/Pods-NewsAppFinal/Pods-NewsAppFinal-frameworks.sh\"\n";
			showEnvVarsInLog = 0;
		};
		AD3B83E65143766707DFA991 /* [CP] Check Pods Manifest.lock */ = {
			isa = PBXShellScriptBuildPhase;
			buildActionMask = 2147483647;
			files = (
			);
			inputFileListPaths = (
			);
			inputPaths = (
				"${PODS_PODFILE_DIR_PATH}/Podfile.lock",
				"${PODS_ROOT}/Manifest.lock",
			);
			name = "[CP] Check Pods Manifest.lock";
			outputFileListPaths = (
			);
			outputPaths = (
				"$(DERIVED_FILE_DIR)/Pods-NewsAppFinal-checkManifestLockResult.txt",
			);
			runOnlyForDeploymentPostprocessing = 0;
			shellPath = /bin/sh;
			shellScript = "diff \"${PODS_PODFILE_DIR_PATH}/Podfile.lock\" \"${PODS_ROOT}/Manifest.lock\" > /dev/null\nif [ $? != 0 ] ; then\n    # print error to STDERR\n    echo \"error: The sandbox is not in sync with the Podfile.lock. Run 'pod install' or update your CocoaPods installation.\" >&2\n    exit 1\nfi\n# This output is used by Xcode 'outputs' to avoid re-running this script phase.\necho \"SUCCESS\" > \"${SCRIPT_OUTPUT_FILE_0}\"\n";
			showEnvVarsInLog = 0;
		};
/* End PBXShellScriptBuildPhase section */

/* Begin PBXSourcesBuildPhase section */
		150F841328282F0B00131DB8 /* Sources */ = {
			isa = PBXSourcesBuildPhase;
			buildActionMask = 2147483647;
			files = (
				150F842F2828321300131DB8 /* NewsModel.swift in Sources */,
				150F84332828503F00131DB8 /* WebViewController.swift in Sources */,
				150F841F28282F0B00131DB8 /* ViewController.swift in Sources */,
				150F843128284D0000131DB8 /* DetailViewController.swift in Sources */,
				150F841B28282F0B00131DB8 /* AppDelegate.swift in Sources */,
				150F841D28282F0B00131DB8 /* SceneDelegate.swift in Sources */,
			);
			runOnlyForDeploymentPostprocessing = 0;
		};
/* End PBXSourcesBuildPhase section */

/* Begin PBXVariantGroup section */
		150F842028282F0B00131DB8 /* Main.storyboard */ = {
			isa = PBXVariantGroup;
			children = (
				150F842128282F0B00131DB8 /* Base */,
			);
			name = Main.storyboard;
			sourceTree = "<group>";
		};
		150F842528282F0D00131DB8 /* LaunchScreen.storyboard */ = {
			isa = PBXVariantGroup;
			children = (
				150F842628282F0D00131DB8 /* Base */,
			);
			name = LaunchScreen.storyboard;
			sourceTree = "<group>";
		};
/* End PBXVariantGroup section */

/* Begin XCBuildConfiguration section */
		150F842928282F0D00131DB8 /* Debug */ = {
			isa = XCBuildConfiguration;
			buildSettings = {
				ALWAYS_SEARCH_USER_PATHS = NO;
				CLANG_ANALYZER_NONNULL = YES;
				CLANG_ANALYZER_NUMBER_OBJECT_CONVERSION = YES_AGGRESSIVE;
				CLANG_CXX_LANGUAGE_STANDARD = "gnu++17";
				CLANG_ENABLE_MODULES = YES;
				CLANG_ENABLE_OBJC_ARC = YES;
				CLANG_ENABLE_OBJC_WEAK = YES;
				CLANG_WARN_BLOCK_CAPTURE_AUTORELEASING = YES;
				CLANG_WARN_BOOL_CONVERSION = YES;
				CLANG_WARN_COMMA = YES;
				CLANG_WARN_CONSTANT_CONVERSION = YES;
				CLANG_WARN_DEPRECATED_OBJC_IMPLEMENTATIONS = YES;
				CLANG_WARN_DIRECT_OBJC_ISA_USAGE = YES_ERROR;
				CLANG_WARN_DOCUMENTATION_COMMENTS = YES;
				CLANG_WARN_EMPTY_BODY = YES;
				CLANG_WARN_ENUM_CONVERSION = YES;
				CLANG_WARN_INFINITE_RECURSION = YES;
				CLANG_WARN_INT_CONVERSION = YES;
				CLANG_WARN_NON_LITERAL_NULL_CONVERSION = YES;
				CLANG_WARN_OBJC_IMPLICIT_RETAIN_SELF = YES;
				CLANG_WARN_OBJC_LITERAL_CONVERSION = YES;
				CLANG_WARN_OBJC_ROOT_CLASS = YES_ERROR;
				CLANG_WARN_QUOTED_INCLUDE_IN_FRAMEWORK_HEADER = YES;
				CLANG_WARN_RANGE_LOOP_ANALYSIS = YES;
				CLANG_WARN_STRICT_PROTOTYPES = YES;
				CLANG_WARN_SUSPICIOUS_MOVE = YES;
				CLANG_WARN_UNGUARDED_AVAILABILITY = YES_AGGRESSIVE;
				CLANG_WARN_UNREACHABLE_CODE = YES;
				CLANG_WARN__DUPLICATE_METHOD_MATCH = YES;
				COPY_PHASE_STRIP = NO;
				DEBUG_INFORMATION_FORMAT = dwarf;
				ENABLE_STRICT_OBJC_MSGSEND = YES;
				ENABLE_TESTABILITY = YES;
				GCC_C_LANGUAGE_STANDARD = gnu11;
				GCC_DYNAMIC_NO_PIC = NO;
				GCC_NO_COMMON_BLOCKS = YES;
				GCC_OPTIMIZATION_LEVEL = 0;
				GCC_PREPROCESSOR_DEFINITIONS = (
					"DEBUG=1",
					"$(inherited)",
				);
				GCC_WARN_64_TO_32_BIT_CONVERSION = YES;
				GCC_WARN_ABOUT_RETURN_TYPE = YES_ERROR;
				GCC_WARN_UNDECLARED_SELECTOR = YES;
				GCC_WARN_UNINITIALIZED_AUTOS = YES_AGGRESSIVE;
				GCC_WARN_UNUSED_FUNCTION = YES;
				GCC_WARN_UNUSED_VARIABLE = YES;
				IPHONEOS_DEPLOYMENT_TARGET = 15.4;
				MTL_ENABLE_DEBUG_INFO = INCLUDE_SOURCE;
				MTL_FAST_MATH = YES;
				ONLY_ACTIVE_ARCH = YES;
				SDKROOT = iphoneos;
				SWIFT_ACTIVE_COMPILATION_CONDITIONS = DEBUG;
				SWIFT_OPTIMIZATION_LEVEL = "-Onone";
			};
			name = Debug;
		};
		150F842A28282F0D00131DB8 /* Release */ = {
			isa = XCBuildConfiguration;
			buildSettings = {
				ALWAYS_SEARCH_USER_PATHS = NO;
				CLANG_ANALYZER_NONNULL = YES;
				CLANG_ANALYZER_NUMBER_OBJECT_CONVERSION = YES_AGGRESSIVE;
				CLANG_CXX_LANGUAGE_STANDARD = "gnu++17";
				CLANG_ENABLE_MODULES = YES;
				CLANG_ENABLE_OBJC_ARC = YES;
				CLANG_ENABLE_OBJC_WEAK = YES;
				CLANG_WARN_BLOCK_CAPTURE_AUTORELEASING = YES;
				CLANG_WARN_BOOL_CONVERSION = YES;
				CLANG_WARN_COMMA = YES;
				CLANG_WARN_CONSTANT_CONVERSION = YES;
				CLANG_WARN_DEPRECATED_OBJC_IMPLEMENTATIONS = YES;
				CLANG_WARN_DIRECT_OBJC_ISA_USAGE = YES_ERROR;
				CLANG_WARN_DOCUMENTATION_COMMENTS = YES;
				CLANG_WARN_EMPTY_BODY = YES;
				CLANG_WARN_ENUM_CONVERSION = YES;
				CLANG_WARN_INFINITE_RECURSION = YES;
				CLANG_WARN_INT_CONVERSION = YES;
				CLANG_WARN_NON_LITERAL_NULL_CONVERSION = YES;
				CLANG_WARN_OBJC_IMPLICIT_RETAIN_SELF = YES;
				CLANG_WARN_OBJC_LITERAL_CONVERSION = YES;
				CLANG_WARN_OBJC_ROOT_CLASS = YES_ERROR;
				CLANG_WARN_QUOTED_INCLUDE_IN_FRAMEWORK_HEADER = YES;
				CLANG_WARN_RANGE_LOOP_ANALYSIS = YES;
				CLANG_WARN_STRICT_PROTOTYPES = YES;
				CLANG_WARN_SUSPICIOUS_MOVE = YES;
				CLANG_WARN_UNGUARDED_AVAILABILITY = YES_AGGRESSIVE;
				CLANG_WARN_UNREACHABLE_CODE = YES;
				CLANG_WARN__DUPLICATE_METHOD_MATCH = YES;
				COPY_PHASE_STRIP = NO;
				DEBUG_INFORMATION_FORMAT = "dwarf-with-dsym";
				ENABLE_NS_ASSERTIONS = NO;
				ENABLE_STRICT_OBJC_MSGSEND = YES;
				GCC_C_LANGUAGE_STANDARD = gnu11;
				GCC_NO_COMMON_BLOCKS = YES;
				GCC_WARN_64_TO_32_BIT_CONVERSION = YES;
				GCC_WARN_ABOUT_RETURN_TYPE = YES_ERROR;
				GCC_WARN_UNDECLARED_SELECTOR = YES;
				GCC_WARN_UNINITIALIZED_AUTOS = YES_AGGRESSIVE;
				GCC_WARN_UNUSED_FUNCTION = YES;
				GCC_WARN_UNUSED_VARIABLE = YES;
				IPHONEOS_DEPLOYMENT_TARGET = 15.4;
				MTL_ENABLE_DEBUG_INFO = NO;
				MTL_FAST_MATH = YES;
				SDKROOT = iphoneos;
				SWIFT_COMPILATION_MODE = wholemodule;
				SWIFT_OPTIMIZATION_LEVEL = "-O";
				VALIDATE_PRODUCT = YES;
			};
			name = Release;
		};
		150F842C28282F0D00131DB8 /* Debug */ = {
			isa = XCBuildConfiguration;
			baseConfigurationReference = 9184A690B3DBEF8FD1B25083 /* Pods-NewsAppFinal.debug.xcconfig */;
			buildSettings = {
				ASSETCATALOG_COMPILER_APPICON_NAME = AppIcon;
				ASSETCATALOG_COMPILER_GLOBAL_ACCENT_COLOR_NAME = AccentColor;
				CODE_SIGN_STYLE = Automatic;
				CURRENT_PROJECT_VERSION = 1;
				DEVELOPMENT_TEAM = ZP57XFKK68;
				GENERATE_INFOPLIST_FILE = YES;
				INFOPLIST_FILE = NewsAppFinal/Info.plist;
				INFOPLIST_KEY_UIApplicationSupportsIndirectInputEvents = YES;
				INFOPLIST_KEY_UILaunchStoryboardName = LaunchScreen;
				INFOPLIST_KEY_UIMainStoryboardFile = Main;
				INFOPLIST_KEY_UISupportedInterfaceOrientations_iPad = "UIInterfaceOrientationPortrait UIInterfaceOrientationPortraitUpsideDown UIInterfaceOrientationLandscapeLeft UIInterfaceOrientationLandscapeRight";
				INFOPLIST_KEY_UISupportedInterfaceOrientations_iPhone = "UIInterfaceOrientationPortrait UIInterfaceOrientationLandscapeLeft UIInterfaceOrientationLandscapeRight";
				LD_RUNPATH_SEARCH_PATHS = (
					"$(inherited)",
					"@executable_path/Frameworks",
				);
				MARKETING_VERSION = 1.0;
				PRODUCT_BUNDLE_IDENTIFIER = com.abdurrahmankaraoluk.NewsAppFinal;
				PRODUCT_NAME = "$(TARGET_NAME)";
				SWIFT_EMIT_LOC_STRINGS = YES;
				SWIFT_VERSION = 5.0;
				TARGETED_DEVICE_FAMILY = "1,2";
			};
			name = Debug;
		};
		150F842D28282F0D00131DB8 /* Release */ = {
			isa = XCBuildConfiguration;
			baseConfigurationReference = BA05F978AC50047D19865699 /* Pods-NewsAppFinal.release.xcconfig */;
			buildSettings = {
				ASSETCATALOG_COMPILER_APPICON_NAME = AppIcon;
				ASSETCATALOG_COMPILER_GLOBAL_ACCENT_COLOR_NAME = AccentColor;
				CODE_SIGN_STYLE = Automatic;
				CURRENT_PROJECT_VERSION = 1;
				DEVELOPMENT_TEAM = ZP57XFKK68;
				GENERATE_INFOPLIST_FILE = YES;
				INFOPLIST_FILE = NewsAppFinal/Info.plist;
				INFOPLIST_KEY_UIApplicationSupportsIndirectInputEvents = YES;
				INFOPLIST_KEY_UILaunchStoryboardName = LaunchScreen;
				INFOPLIST_KEY_UIMainStoryboardFile = Main;
				INFOPLIST_KEY_UISupportedInterfaceOrientations_iPad = "UIInterfaceOrientationPortrait UIInterfaceOrientationPortraitUpsideDown UIInterfaceOrientationLandscapeLeft UIInterfaceOrientationLandscapeRight";
				INFOPLIST_KEY_UISupportedInterfaceOrientations_iPhone = "UIInterfaceOrientationPortrait UIInterfaceOrientationLandscapeLeft UIInterfaceOrientationLandscapeRight";
				LD_RUNPATH_SEARCH_PATHS = (
					"$(inherited)",
					"@executable_path/Frameworks",
				);
				MARKETING_VERSION = 1.0;
				PRODUCT_BUNDLE_IDENTIFIER = com.abdurrahmankaraoluk.NewsAppFinal;
				PRODUCT_NAME = "$(TARGET_NAME)";
				SWIFT_EMIT_LOC_STRINGS = YES;
				SWIFT_VERSION = 5.0;
				TARGETED_DEVICE_FAMILY = "1,2";
			};
			name = Release;
		};
/* End XCBuildConfiguration section */

/* Begin XCConfigurationList section */
		150F841228282F0B00131DB8 /* Build configuration list for PBXProject "NewsAppFinal" */ = {
			isa = XCConfigurationList;
			buildConfigurations = (
				150F842928282F0D00131DB8 /* Debug */,
				150F842A28282F0D00131DB8 /* Release */,
			);
			defaultConfigurationIsVisible = 0;
			defaultConfigurationName = Release;
		};
		150F842B28282F0D00131DB8 /* Build configuration list for PBXNativeTarget "NewsAppFinal" */ = {
			isa = XCConfigurationList;
			buildConfigurations = (
				150F842C28282F0D00131DB8 /* Debug */,
				150F842D28282F0D00131DB8 /* Release */,
			);
			defaultConfigurationIsVisible = 0;
			defaultConfigurationName = Release;
		};
/* End XCConfigurationList section */
	};
	rootObject = 150F840F28282F0B00131DB8 /* Project object */;
}
